
Microsoft Visual Studio Solution File, Format Version 12.00
# Visual Studio Version 17
VisualStudioVersion = 17.3.32929.385
MinimumVisualStudioVersion = 10.0.40219.1
Project("{9A19103F-16F7-4668-BE54-9A1E7A4F7556}") = "LuaSTGEditorSharpV2", "src\LuaSTGEditorSharpV2\LuaSTGEditorSharpV2.csproj", "{C7F27E60-6C53-4F8D-A44A-6488349224A9}"
EndProject
Project("{9A19103F-16F7-4668-BE54-9A1E7A4F7556}") = "LuaSTGEditorSharpV2.Core", "src\LuaSTGEditorSharpV2.Core\LuaSTGEditorSharpV2.Core.csproj", "{A47016D5-B5E6-4408-9C8D-FD593A5E8702}"
EndProject
Project("{9A19103F-16F7-4668-BE54-9A1E7A4F7556}") = "LuaSTGEditorSharpV2.Core.CodeGenerator", "src\LuaSTGEditorSharpV2.Core.CodeGenerator\LuaSTGEditorSharpV2.Core.CodeGenerator.csproj", "{D203B63F-67DA-457A-B8E3-0030EEBBF52E}"
EndProject
Project("{9A19103F-16F7-4668-BE54-9A1E7A4F7556}") = "LuaSTGEditorSharpV2.CLI", "src\LuaSTGEditorSharpV2.CLI\LuaSTGEditorSharpV2.CLI.csproj", "{703E1DE2-F921-4253-B1A3-5655C49FAA98}"
EndProject
Project("{2150E333-8FDC-42A3-9474-1A3956D46DE8}") = "src", "src", "{BED9D5AD-3555-420E-87F8-35D6C45F34CF}"
EndProject
Project("{9A19103F-16F7-4668-BE54-9A1E7A4F7556}") = "LuaSTGEditorSharpV2.Core.Building", "src\LuaSTGEditorSharpV2.Core.Building\LuaSTGEditorSharpV2.Core.Building.csproj", "{DD92D1D5-16C3-4123-92DA-59A0563389FF}"
EndProject
Project("{9A19103F-16F7-4668-BE54-9A1E7A4F7556}") = "LuaSTGEditorSharpV2.View", "src\LuaSTGEditorSharpV2.View\LuaSTGEditorSharpV2.View.csproj", "{F9D78733-B453-40CA-AAA3-8DF45CA670A6}"
EndProject
Project("{9A19103F-16F7-4668-BE54-9A1E7A4F7556}") = "LuaSTGEditorSharpV2.Resources.Shared", "src\LuaSTGEditorSharpV2.Resources.Shared\LuaSTGEditorSharpV2.Resources.Shared.csproj", "{FD9F0355-DFEA-42C8-BA86-8158A54787C4}"
EndProject
Project("{9A19103F-16F7-4668-BE54-9A1E7A4F7556}") = "LuaSTGEditorSharpV2.Core.Command", "src\LuaSTGEditorSharpV2.Core.Command\LuaSTGEditorSharpV2.Core.Command.csproj", "{25C6C6C8-7D1E-44D1-BFEE-18ECBDD95F81}"
EndProject
Project("{9A19103F-16F7-4668-BE54-9A1E7A4F7556}") = "LuaSTGEditorSharpV2.PropertyView", "src\LuaSTGEditorSharpV2.PropertyView\LuaSTGEditorSharpV2.PropertyView.csproj", "{F43DBFAC-9CBB-464E-8957-C5C128D4ECEA}"
EndProject
Project("{2150E333-8FDC-42A3-9474-1A3956D46DE8}") = "test", "test", "{87C21D0B-898C-47C8-8AE7-85EC51FA3460}"
	ProjectSection(SolutionItems) = preProject
		test\test.lstgjson = test\test.lstgjson
		test\test.lstgxml = test\test.lstgxml
	EndProjectSection
EndProject
Project("{9A19103F-16F7-4668-BE54-9A1E7A4F7556}") = "LuaSTGEditorSharpV2.Core.Analyzer.StructuralValidation", "src\LuaSTGEditorSharpV2.Core.Analyzer.StructuralValidation\LuaSTGEditorSharpV2.Core.Analyzer.StructuralValidation.csproj", "{7067F337-DB7E-4678-AC1C-66509FD1C4D8}"
EndProject
Project("{9A19103F-16F7-4668-BE54-9A1E7A4F7556}") = "LuaSTGEditorSharpV2.ViewModel", "src\LuaSTGEditorSharpV2.ViewModel\LuaSTGEditorSharpV2.ViewModel.csproj", "{277C1952-84F4-48D5-8D24-B67748AA5D0E}"
EndProject
Project("{9A19103F-16F7-4668-BE54-9A1E7A4F7556}") = "LuaSTGEditorSharpV2.WPF", "src\LuaSTGEditorSharpV2.WPF\LuaSTGEditorSharpV2.WPF.csproj", "{9ACE4FBC-AB8C-4FFD-9826-AEC878B12021}"
EndProject
Project("{9A19103F-16F7-4668-BE54-9A1E7A4F7556}") = "LuaSTGEditorSharpV2.Dialog", "src\LuaSTGEditorSharpV2.Dialog\LuaSTGEditorSharpV2.Dialog.csproj", "{B3B0A432-3887-4A2A-A416-A7C7F35AEBE8}"
EndProject
Project("{9A19103F-16F7-4668-BE54-9A1E7A4F7556}") = "LuaSTGEditorSharpV2.ServiceBridge", "src\LuaSTGEditorSharpV2.ServiceBridge\LuaSTGEditorSharpV2.ServiceBridge.csproj", "{F59BB2AD-9DD2-4E92-872B-4D72608DAD62}"
EndProject
Project("{2150E333-8FDC-42A3-9474-1A3956D46DE8}") = "ServiceBridge", "ServiceBridge", "{52161F0E-161B-41E2-866B-FF6E02738C8F}"
EndProject
Project("{9A19103F-16F7-4668-BE54-9A1E7A4F7556}") = "LuaSTGEditorSharpV2.ServiceBridge.CodeGenerator", "src\ServiceBridge\LuaSTGEditorSharpV2.ServiceBridge.CodeGenerator\LuaSTGEditorSharpV2.ServiceBridge.CodeGenerator.csproj", "{4A7D53D0-DAF1-4BBC-B773-F166B541511D}"
EndProject
Project("{9A19103F-16F7-4668-BE54-9A1E7A4F7556}") = "LuaSTGEditorSharpV2.UICustomization", "src\LuaSTGEditorSharpV2.UICustomization\LuaSTGEditorSharpV2.UICustomization.csproj", "{A94585DA-9045-47BB-A6C4-00F8CE24C3D2}"
EndProject
Project("{9A19103F-16F7-4668-BE54-9A1E7A4F7556}") = "LuaSTGEditorSharpV2.ResourceDictionaryService", "src\LuaSTGEditorSharpV2.ResourceDictionaryService\LuaSTGEditorSharpV2.ResourceDictionaryService.csproj", "{0A1F48F1-3C4F-4D82-978B-115A4CE46494}"
EndProject
Project("{9A19103F-16F7-4668-BE54-9A1E7A4F7556}") = "LuaSTGEditorSharpV2.ServiceBridge.UICustomization", "src\ServiceBridge\LuaSTGEditorSharpV2.ServiceBridge.UICustomization\LuaSTGEditorSharpV2.ServiceBridge.UICustomization.csproj", "{D5919874-3B65-4B6C-8538-E64517F724C5}"
EndProject
Project("{9A19103F-16F7-4668-BE54-9A1E7A4F7556}") = "LuaSTGEditorSharpV2.Toolbox", "src\LuaSTGEditorSharpV2.Toolbox\LuaSTGEditorSharpV2.Toolbox.csproj", "{4F5B935A-8C6D-45FD-8679-C1DECD8BBC95}"
EndProject
Project("{9A19103F-16F7-4668-BE54-9A1E7A4F7556}") = "LuaSTGEditorSharpV2.Debugging", "src\LuaSTGEditorSharpV2.Debugging\LuaSTGEditorSharpV2.Debugging.csproj", "{01109F37-5396-49C7-BF10-141D04BCE304}"
EndProject
Project("{9A19103F-16F7-4668-BE54-9A1E7A4F7556}") = "LuaSTGEditorSharpV2.Analyzer", "src\LuaSTGEditorSharpV2.Analyzer\LuaSTGEditorSharpV2.Analyzer.csproj", "{2BB0A6CC-9E13-4E33-8A43-40029A6DAFA3}"
EndProject
Project("{9A19103F-16F7-4668-BE54-9A1E7A4F7556}") = "LuaSTGEditorSharpV2.ServiceBridge.Building", "src\ServiceBridge\LuaSTGEditorSharpV2.ServiceBridge.Building\LuaSTGEditorSharpV2.ServiceBridge.Building.csproj", "{230F9124-9402-4CED-B537-8F34A8BFBA65}"
EndProject
Project("{9A19103F-16F7-4668-BE54-9A1E7A4F7556}") = "LuaSTGEditorSharpV2.CLI.Plugin", "src\LuaSTGEditorSharpV2.CLI.Plugin\LuaSTGEditorSharpV2.CLI.Plugin.csproj", "{62A82DB2-6FC5-4917-AFF6-93C263D3CCC9}"
EndProject
Global
	GlobalSection(SolutionConfigurationPlatforms) = preSolution
		Debug|Any CPU = Debug|Any CPU
		Release|Any CPU = Release|Any CPU
	EndGlobalSection
	GlobalSection(ProjectConfigurationPlatforms) = postSolution
		{C7F27E60-6C53-4F8D-A44A-6488349224A9}.Debug|Any CPU.ActiveCfg = Debug|Any CPU
		{C7F27E60-6C53-4F8D-A44A-6488349224A9}.Debug|Any CPU.Build.0 = Debug|Any CPU
		{C7F27E60-6C53-4F8D-A44A-6488349224A9}.Release|Any CPU.ActiveCfg = Release|Any CPU
		{C7F27E60-6C53-4F8D-A44A-6488349224A9}.Release|Any CPU.Build.0 = Release|Any CPU
		{A47016D5-B5E6-4408-9C8D-FD593A5E8702}.Debug|Any CPU.ActiveCfg = Debug|Any CPU
		{A47016D5-B5E6-4408-9C8D-FD593A5E8702}.Debug|Any CPU.Build.0 = Debug|Any CPU
		{A47016D5-B5E6-4408-9C8D-FD593A5E8702}.Release|Any CPU.ActiveCfg = Release|Any CPU
		{A47016D5-B5E6-4408-9C8D-FD593A5E8702}.Release|Any CPU.Build.0 = Release|Any CPU
		{D203B63F-67DA-457A-B8E3-0030EEBBF52E}.Debug|Any CPU.ActiveCfg = Debug|Any CPU
		{D203B63F-67DA-457A-B8E3-0030EEBBF52E}.Debug|Any CPU.Build.0 = Debug|Any CPU
		{D203B63F-67DA-457A-B8E3-0030EEBBF52E}.Release|Any CPU.ActiveCfg = Release|Any CPU
		{D203B63F-67DA-457A-B8E3-0030EEBBF52E}.Release|Any CPU.Build.0 = Release|Any CPU
		{703E1DE2-F921-4253-B1A3-5655C49FAA98}.Debug|Any CPU.ActiveCfg = Debug|Any CPU
		{703E1DE2-F921-4253-B1A3-5655C49FAA98}.Debug|Any CPU.Build.0 = Debug|Any CPU
		{703E1DE2-F921-4253-B1A3-5655C49FAA98}.Release|Any CPU.ActiveCfg = Release|Any CPU
		{703E1DE2-F921-4253-B1A3-5655C49FAA98}.Release|Any CPU.Build.0 = Release|Any CPU
		{DD92D1D5-16C3-4123-92DA-59A0563389FF}.Debug|Any CPU.ActiveCfg = Debug|Any CPU
		{DD92D1D5-16C3-4123-92DA-59A0563389FF}.Debug|Any CPU.Build.0 = Debug|Any CPU
		{DD92D1D5-16C3-4123-92DA-59A0563389FF}.Release|Any CPU.ActiveCfg = Release|Any CPU
		{DD92D1D5-16C3-4123-92DA-59A0563389FF}.Release|Any CPU.Build.0 = Release|Any CPU
		{F9D78733-B453-40CA-AAA3-8DF45CA670A6}.Debug|Any CPU.ActiveCfg = Debug|Any CPU
		{F9D78733-B453-40CA-AAA3-8DF45CA670A6}.Debug|Any CPU.Build.0 = Debug|Any CPU
		{F9D78733-B453-40CA-AAA3-8DF45CA670A6}.Release|Any CPU.ActiveCfg = Release|Any CPU
		{F9D78733-B453-40CA-AAA3-8DF45CA670A6}.Release|Any CPU.Build.0 = Release|Any CPU
		{FD9F0355-DFEA-42C8-BA86-8158A54787C4}.Debug|Any CPU.ActiveCfg = Debug|Any CPU
		{FD9F0355-DFEA-42C8-BA86-8158A54787C4}.Debug|Any CPU.Build.0 = Debug|Any CPU
		{FD9F0355-DFEA-42C8-BA86-8158A54787C4}.Release|Any CPU.ActiveCfg = Release|Any CPU
		{FD9F0355-DFEA-42C8-BA86-8158A54787C4}.Release|Any CPU.Build.0 = Release|Any CPU
		{25C6C6C8-7D1E-44D1-BFEE-18ECBDD95F81}.Debug|Any CPU.ActiveCfg = Debug|Any CPU
		{25C6C6C8-7D1E-44D1-BFEE-18ECBDD95F81}.Debug|Any CPU.Build.0 = Debug|Any CPU
		{25C6C6C8-7D1E-44D1-BFEE-18ECBDD95F81}.Release|Any CPU.ActiveCfg = Release|Any CPU
		{25C6C6C8-7D1E-44D1-BFEE-18ECBDD95F81}.Release|Any CPU.Build.0 = Release|Any CPU
		{F43DBFAC-9CBB-464E-8957-C5C128D4ECEA}.Debug|Any CPU.ActiveCfg = Debug|Any CPU
		{F43DBFAC-9CBB-464E-8957-C5C128D4ECEA}.Debug|Any CPU.Build.0 = Debug|Any CPU
		{F43DBFAC-9CBB-464E-8957-C5C128D4ECEA}.Release|Any CPU.ActiveCfg = Release|Any CPU
		{F43DBFAC-9CBB-464E-8957-C5C128D4ECEA}.Release|Any CPU.Build.0 = Release|Any CPU
		{7067F337-DB7E-4678-AC1C-66509FD1C4D8}.Debug|Any CPU.ActiveCfg = Debug|Any CPU
		{7067F337-DB7E-4678-AC1C-66509FD1C4D8}.Debug|Any CPU.Build.0 = Debug|Any CPU
		{7067F337-DB7E-4678-AC1C-66509FD1C4D8}.Release|Any CPU.ActiveCfg = Release|Any CPU
		{7067F337-DB7E-4678-AC1C-66509FD1C4D8}.Release|Any CPU.Build.0 = Release|Any CPU
		{277C1952-84F4-48D5-8D24-B67748AA5D0E}.Debug|Any CPU.ActiveCfg = Debug|Any CPU
		{277C1952-84F4-48D5-8D24-B67748AA5D0E}.Debug|Any CPU.Build.0 = Debug|Any CPU
		{277C1952-84F4-48D5-8D24-B67748AA5D0E}.Release|Any CPU.ActiveCfg = Release|Any CPU
		{277C1952-84F4-48D5-8D24-B67748AA5D0E}.Release|Any CPU.Build.0 = Release|Any CPU
		{9ACE4FBC-AB8C-4FFD-9826-AEC878B12021}.Debug|Any CPU.ActiveCfg = Debug|Any CPU
		{9ACE4FBC-AB8C-4FFD-9826-AEC878B12021}.Debug|Any CPU.Build.0 = Debug|Any CPU
		{9ACE4FBC-AB8C-4FFD-9826-AEC878B12021}.Release|Any CPU.ActiveCfg = Release|Any CPU
		{9ACE4FBC-AB8C-4FFD-9826-AEC878B12021}.Release|Any CPU.Build.0 = Release|Any CPU
		{B3B0A432-3887-4A2A-A416-A7C7F35AEBE8}.Debug|Any CPU.ActiveCfg = Debug|Any CPU
		{B3B0A432-3887-4A2A-A416-A7C7F35AEBE8}.Debug|Any CPU.Build.0 = Debug|Any CPU
		{B3B0A432-3887-4A2A-A416-A7C7F35AEBE8}.Release|Any CPU.ActiveCfg = Release|Any CPU
		{B3B0A432-3887-4A2A-A416-A7C7F35AEBE8}.Release|Any CPU.Build.0 = Release|Any CPU
		{F59BB2AD-9DD2-4E92-872B-4D72608DAD62}.Debug|Any CPU.ActiveCfg = Debug|Any CPU
		{F59BB2AD-9DD2-4E92-872B-4D72608DAD62}.Debug|Any CPU.Build.0 = Debug|Any CPU
		{F59BB2AD-9DD2-4E92-872B-4D72608DAD62}.Release|Any CPU.ActiveCfg = Release|Any CPU
		{F59BB2AD-9DD2-4E92-872B-4D72608DAD62}.Release|Any CPU.Build.0 = Release|Any CPU
		{4A7D53D0-DAF1-4BBC-B773-F166B541511D}.Debug|Any CPU.ActiveCfg = Debug|Any CPU
		{4A7D53D0-DAF1-4BBC-B773-F166B541511D}.Debug|Any CPU.Build.0 = Debug|Any CPU
		{4A7D53D0-DAF1-4BBC-B773-F166B541511D}.Release|Any CPU.ActiveCfg = Release|Any CPU
		{4A7D53D0-DAF1-4BBC-B773-F166B541511D}.Release|Any CPU.Build.0 = Release|Any CPU
		{A94585DA-9045-47BB-A6C4-00F8CE24C3D2}.Debug|Any CPU.ActiveCfg = Debug|Any CPU
		{A94585DA-9045-47BB-A6C4-00F8CE24C3D2}.Debug|Any CPU.Build.0 = Debug|Any CPU
		{A94585DA-9045-47BB-A6C4-00F8CE24C3D2}.Release|Any CPU.ActiveCfg = Release|Any CPU
		{A94585DA-9045-47BB-A6C4-00F8CE24C3D2}.Release|Any CPU.Build.0 = Release|Any CPU
		{0A1F48F1-3C4F-4D82-978B-115A4CE46494}.Debug|Any CPU.ActiveCfg = Debug|Any CPU
		{0A1F48F1-3C4F-4D82-978B-115A4CE46494}.Debug|Any CPU.Build.0 = Debug|Any CPU
		{0A1F48F1-3C4F-4D82-978B-115A4CE46494}.Release|Any CPU.ActiveCfg = Release|Any CPU
		{0A1F48F1-3C4F-4D82-978B-115A4CE46494}.Release|Any CPU.Build.0 = Release|Any CPU
		{D5919874-3B65-4B6C-8538-E64517F724C5}.Debug|Any CPU.ActiveCfg = Debug|Any CPU
		{D5919874-3B65-4B6C-8538-E64517F724C5}.Debug|Any CPU.Build.0 = Debug|Any CPU
		{D5919874-3B65-4B6C-8538-E64517F724C5}.Release|Any CPU.ActiveCfg = Release|Any CPU
		{D5919874-3B65-4B6C-8538-E64517F724C5}.Release|Any CPU.Build.0 = Release|Any CPU
		{4F5B935A-8C6D-45FD-8679-C1DECD8BBC95}.Debug|Any CPU.ActiveCfg = Debug|Any CPU
		{4F5B935A-8C6D-45FD-8679-C1DECD8BBC95}.Debug|Any CPU.Build.0 = Debug|Any CPU
		{4F5B935A-8C6D-45FD-8679-C1DECD8BBC95}.Release|Any CPU.ActiveCfg = Release|Any CPU
		{4F5B935A-8C6D-45FD-8679-C1DECD8BBC95}.Release|Any CPU.Build.0 = Release|Any CPU
		{01109F37-5396-49C7-BF10-141D04BCE304}.Debug|Any CPU.ActiveCfg = Debug|Any CPU
		{01109F37-5396-49C7-BF10-141D04BCE304}.Debug|Any CPU.Build.0 = Debug|Any CPU
		{01109F37-5396-49C7-BF10-141D04BCE304}.Release|Any CPU.ActiveCfg = Release|Any CPU
		{01109F37-5396-49C7-BF10-141D04BCE304}.Release|Any CPU.Build.0 = Release|Any CPU
		{2BB0A6CC-9E13-4E33-8A43-40029A6DAFA3}.Debug|Any CPU.ActiveCfg = Debug|Any CPU
		{2BB0A6CC-9E13-4E33-8A43-40029A6DAFA3}.Debug|Any CPU.Build.0 = Debug|Any CPU
		{2BB0A6CC-9E13-4E33-8A43-40029A6DAFA3}.Release|Any CPU.ActiveCfg = Release|Any CPU
		{2BB0A6CC-9E13-4E33-8A43-40029A6DAFA3}.Release|Any CPU.Build.0 = Release|Any CPU
		{230F9124-9402-4CED-B537-8F34A8BFBA65}.Debug|Any CPU.ActiveCfg = Debug|Any CPU
		{230F9124-9402-4CED-B537-8F34A8BFBA65}.Debug|Any CPU.Build.0 = Debug|Any CPU
		{230F9124-9402-4CED-B537-8F34A8BFBA65}.Release|Any CPU.ActiveCfg = Release|Any CPU
		{230F9124-9402-4CED-B537-8F34A8BFBA65}.Release|Any CPU.Build.0 = Release|Any CPU
		{62A82DB2-6FC5-4917-AFF6-93C263D3CCC9}.Debug|Any CPU.ActiveCfg = Debug|Any CPU
		{62A82DB2-6FC5-4917-AFF6-93C263D3CCC9}.Debug|Any CPU.Build.0 = Debug|Any CPU
		{62A82DB2-6FC5-4917-AFF6-93C263D3CCC9}.Release|Any CPU.ActiveCfg = Release|Any CPU
		{62A82DB2-6FC5-4917-AFF6-93C263D3CCC9}.Release|Any CPU.Build.0 = Release|Any CPU
	EndGlobalSection
	GlobalSection(SolutionProperties) = preSolution
		HideSolutionNode = FALSE
	EndGlobalSection
	GlobalSection(NestedProjects) = preSolution
		{C7F27E60-6C53-4F8D-A44A-6488349224A9} = {BED9D5AD-3555-420E-87F8-35D6C45F34CF}
		{A47016D5-B5E6-4408-9C8D-FD593A5E8702} = {BED9D5AD-3555-420E-87F8-35D6C45F34CF}
		{D203B63F-67DA-457A-B8E3-0030EEBBF52E} = {BED9D5AD-3555-420E-87F8-35D6C45F34CF}
		{703E1DE2-F921-4253-B1A3-5655C49FAA98} = {BED9D5AD-3555-420E-87F8-35D6C45F34CF}
		{DD92D1D5-16C3-4123-92DA-59A0563389FF} = {BED9D5AD-3555-420E-87F8-35D6C45F34CF}
		{F9D78733-B453-40CA-AAA3-8DF45CA670A6} = {BED9D5AD-3555-420E-87F8-35D6C45F34CF}
		{FD9F0355-DFEA-42C8-BA86-8158A54787C4} = {BED9D5AD-3555-420E-87F8-35D6C45F34CF}
		{25C6C6C8-7D1E-44D1-BFEE-18ECBDD95F81} = {BED9D5AD-3555-420E-87F8-35D6C45F34CF}
		{F43DBFAC-9CBB-464E-8957-C5C128D4ECEA} = {BED9D5AD-3555-420E-87F8-35D6C45F34CF}
		{7067F337-DB7E-4678-AC1C-66509FD1C4D8} = {BED9D5AD-3555-420E-87F8-35D6C45F34CF}
		{277C1952-84F4-48D5-8D24-B67748AA5D0E} = {BED9D5AD-3555-420E-87F8-35D6C45F34CF}
		{9ACE4FBC-AB8C-4FFD-9826-AEC878B12021} = {BED9D5AD-3555-420E-87F8-35D6C45F34CF}
		{B3B0A432-3887-4A2A-A416-A7C7F35AEBE8} = {BED9D5AD-3555-420E-87F8-35D6C45F34CF}
		{F59BB2AD-9DD2-4E92-872B-4D72608DAD62} = {BED9D5AD-3555-420E-87F8-35D6C45F34CF}
		{52161F0E-161B-41E2-866B-FF6E02738C8F} = {BED9D5AD-3555-420E-87F8-35D6C45F34CF}
		{4A7D53D0-DAF1-4BBC-B773-F166B541511D} = {52161F0E-161B-41E2-866B-FF6E02738C8F}
		{A94585DA-9045-47BB-A6C4-00F8CE24C3D2} = {BED9D5AD-3555-420E-87F8-35D6C45F34CF}
		{0A1F48F1-3C4F-4D82-978B-115A4CE46494} = {BED9D5AD-3555-420E-87F8-35D6C45F34CF}
		{D5919874-3B65-4B6C-8538-E64517F724C5} = {52161F0E-161B-41E2-866B-FF6E02738C8F}
		{4F5B935A-8C6D-45FD-8679-C1DECD8BBC95} = {BED9D5AD-3555-420E-87F8-35D6C45F34CF}
		{01109F37-5396-49C7-BF10-141D04BCE304} = {BED9D5AD-3555-420E-87F8-35D6C45F34CF}
		{2BB0A6CC-9E13-4E33-8A43-40029A6DAFA3} = {BED9D5AD-3555-420E-87F8-35D6C45F34CF}
		{230F9124-9402-4CED-B537-8F34A8BFBA65} = {52161F0E-161B-41E2-866B-FF6E02738C8F}
		{62A82DB2-6FC5-4917-AFF6-93C263D3CCC9} = {BED9D5AD-3555-420E-87F8-35D6C45F34CF}
	EndGlobalSection
	GlobalSection(ExtensibilityGlobals) = postSolution
		SolutionGuid = {A88633F9-126D-4418-B464-61038BFEB74C}
	EndGlobalSection
EndGlobal
