<Solution>
  <Folder Name="/src/">
    <Project Path="src/LuaSTGEditorSharpV2.Analyzer/LuaSTGEditorSharpV2.Analyzer.csproj" />
    <Project Path="src/LuaSTGEditorSharpV2.CLI.Plugin/LuaSTGEditorSharpV2.CLI.Plugin.csproj" />
    <Project Path="src/LuaSTGEditorSharpV2.CLI/LuaSTGEditorSharpV2.CLI.csproj" />
    <Project Path="src/LuaSTGEditorSharpV2.Core.Analyzer.StructuralValidation/LuaSTGEditorSharpV2.Core.Analyzer.StructuralValidation.csproj" />
    <Project Path="src/LuaSTGEditorSharpV2.Core.Building/LuaSTGEditorSharpV2.Core.Building.csproj" />
    <Project Path="src/LuaSTGEditorSharpV2.Core.CodeGenerator/LuaSTGEditorSharpV2.Core.CodeGenerator.csproj" />
    <Project Path="src/LuaSTGEditorSharpV2.Core.Command/LuaSTGEditorSharpV2.Core.Command.csproj" />
    <Project Path="src/LuaSTGEditorSharpV2.Core/LuaSTGEditorSharpV2.Core.csproj" />
    <Project Path="src/LuaSTGEditorSharpV2.Debugging/LuaSTGEditorSharpV2.Debugging.csproj" />
    <Project Path="src/LuaSTGEditorSharpV2.Dialog/LuaSTGEditorSharpV2.Dialog.csproj" />
    <Project Path="src/LuaSTGEditorSharpV2.DockingWindows/LuaSTGEditorSharpV2.DockingWindows.csproj" />
    <Project Path="src/LuaSTGEditorSharpV2.Execution/LuaSTGEditorSharpV2.Execution.csproj" />
    <Project Path="src/LuaSTGEditorSharpV2.NodeProfile.WPF/LuaSTGEditorSharpV2.NodeProfile.WPF.csproj" />
    <Project Path="src/LuaSTGEditorSharpV2.NodeProfile/LuaSTGEditorSharpV2.NodeProfile.csproj" />
    <Project Path="src/LuaSTGEditorSharpV2.PropertyView/LuaSTGEditorSharpV2.PropertyView.csproj" />
    <Project Path="src/LuaSTGEditorSharpV2.ResourceDictionaryService/LuaSTGEditorSharpV2.ResourceDictionaryService.csproj" />
    <Project Path="src/LuaSTGEditorSharpV2.Resources.Shared/LuaSTGEditorSharpV2.Resources.Shared.csproj" />
    <Project Path="src/LuaSTGEditorSharpV2.ServiceBridge/LuaSTGEditorSharpV2.ServiceBridge.csproj" />
    <Project Path="src/LuaSTGEditorSharpV2.Toolbox/LuaSTGEditorSharpV2.Toolbox.csproj" />
    <Project Path="src/LuaSTGEditorSharpV2.UICustomization/LuaSTGEditorSharpV2.UICustomization.csproj" />
    <Project Path="src/LuaSTGEditorSharpV2.View/LuaSTGEditorSharpV2.View.csproj" />
    <Project Path="src/LuaSTGEditorSharpV2.ViewModel/LuaSTGEditorSharpV2.ViewModel.csproj" />
    <Project Path="src/LuaSTGEditorSharpV2.WPF/LuaSTGEditorSharpV2.WPF.csproj" />
    <Project Path="src/LuaSTGEditorSharpV2/LuaSTGEditorSharpV2.csproj" />
  </Folder>
  <Folder Name="/src/BuiltInPackages/" />
  <Folder Name="/src/BuiltInPackages/LegacyNode/">
    <Project Path="src/BuiltInPackages/LegacyNode/LuaSTGEditorSharpV2.Package.LegacyNode.Building/LuaSTGEditorSharpV2.Package.LegacyNode.Building.csproj" />
    <Project Path="src/BuiltInPackages/LegacyNode/LuaSTGEditorSharpV2.Package.LegacyNode.BuildTaskFactory/LuaSTGEditorSharpV2.Package.LegacyNode.BuildTaskFactory.csproj" />
    <Project Path="src/BuiltInPackages/LegacyNode/LuaSTGEditorSharpV2.Package.LegacyNode.CLIPluginProvider/LuaSTGEditorSharpV2.Package.LegacyNode.CLIPluginProvider.csproj" />
    <Project Path="src/BuiltInPackages/LegacyNode/LuaSTGEditorSharpV2.Package.LegacyNode.CodeGenerator/LuaSTGEditorSharpV2.Package.LegacyNode.CodeGenerator.csproj" />
    <Project Path="src/BuiltInPackages/LegacyNode/LuaSTGEditorSharpV2.Package.LegacyNode.PropertyView/LuaSTGEditorSharpV2.Package.LegacyNode.PropertyView.csproj" />
    <Project Path="src/BuiltInPackages/LegacyNode/LuaSTGEditorSharpV2.Package.LegacyNode.Resources.Shared/LuaSTGEditorSharpV2.Package.LegacyNode.Resources.Shared.csproj" />
    <Project Path="src/BuiltInPackages/LegacyNode/LuaSTGEditorSharpV2.Package.LegacyNode.SharpProjectConverter/LuaSTGEditorSharpV2.Package.LegacyNode.SharpProjectConverter.csproj" />
    <Project Path="src/BuiltInPackages/LegacyNode/LuaSTGEditorSharpV2.Package.LegacyNode.Toolbox/LuaSTGEditorSharpV2.Package.LegacyNode.Toolbox.csproj" />
    <Project Path="src/BuiltInPackages/LegacyNode/LuaSTGEditorSharpV2.Package.LegacyNode.ViewModel/LuaSTGEditorSharpV2.Package.LegacyNode.ViewModel.csproj" />
    <Project Path="src/BuiltInPackages/LegacyNode/LuaSTGEditorSharpV2.Package.LegacyNode/LuaSTGEditorSharpV2.Package.LegacyNode.csproj" />
  </Folder>
  <Folder Name="/src/BuiltInPackages/Lua/">
    <Project Path="src/BuiltInPackages/Lua/LuaSTGEditorSharpV2.Package.Lua.Building/LuaSTGEditorSharpV2.Package.Lua.Building.csproj" />
    <Project Path="src/BuiltInPackages/Lua/LuaSTGEditorSharpV2.Package.Lua.CodeGenerator/LuaSTGEditorSharpV2.Package.Lua.CodeGenerator.csproj" />
    <Project Path="src/BuiltInPackages/Lua/LuaSTGEditorSharpV2.Package.Lua.PropertyView/LuaSTGEditorSharpV2.Package.Lua.PropertyView.csproj" />
    <Project Path="src/BuiltInPackages/Lua/LuaSTGEditorSharpV2.Package.Lua.Resources.Shared/LuaSTGEditorSharpV2.Package.Lua.Resources.Shared.csproj" />
    <Project Path="src/BuiltInPackages/Lua/LuaSTGEditorSharpV2.Package.Lua.Toolbox/LuaSTGEditorSharpV2.Package.Lua.Toolbox.csproj" />
    <Project Path="src/BuiltInPackages/Lua/LuaSTGEditorSharpV2.Package.Lua.ViewModel/LuaSTGEditorSharpV2.Package.Lua.ViewModel.csproj" />
    <Project Path="src/BuiltInPackages/Lua/LuaSTGEditorSharpV2.Package.Lua/LuaSTGEditorSharpV2.Package.Lua.csproj" />
  </Folder>
  <Folder Name="/src/BuiltInPackages/LinqSTG/">
    <Project Path="src/BuiltInPackages/LinqSTG/LinqSTG.Expression.ToLua/LinqSTG.Expression.ToLua.csproj" Id="97c4fdce-3c49-4ee2-928a-a13a3bd9f92c" />
    <Project Path="src/BuiltInPackages/LinqSTG/LuaSTGEditorSharpV2.Package.LinqSTG.CodeGenerator/LuaSTGEditorSharpV2.Package.LinqSTG.CodeGenerator.csproj" />
    <Project Path="src/BuiltInPackages/LinqSTG/LuaSTGEditorSharpV2.Package.LinqSTG.PropertyView/LuaSTGEditorSharpV2.Package.LinqSTG.PropertyView.csproj" />
    <Project Path="src/BuiltInPackages/LinqSTG/LuaSTGEditorSharpV2.Package.LinqSTG.Resources.Shared/LuaSTGEditorSharpV2.Package.LinqSTG.Resources.Shared.csproj" />
    <Project Path="src/BuiltInPackages/LinqSTG/LuaSTGEditorSharpV2.Package.LinqSTG.Toolbox/LuaSTGEditorSharpV2.Package.LinqSTG.Toolbox.csproj" />
    <Project Path="src/BuiltInPackages/LinqSTG/LuaSTGEditorSharpV2.Package.LinqSTG.ViewModel/LuaSTGEditorSharpV2.Package.LinqSTG.ViewModel.csproj" />
    <Project Path="src/BuiltInPackages/LinqSTG/LuaSTGEditorSharpV2.Package.LinqSTG.Window/LuaSTGEditorSharpV2.Package.LinqSTG.Window.csproj" />
    <Project Path="src/BuiltInPackages/LinqSTG/LuaSTGEditorSharpV2.Package.LinqSTG/LuaSTGEditorSharpV2.Package.LinqSTG.csproj" />
  </Folder>
  <Folder Name="/src/BuiltInPackages/LuaSTGSub/">
    <Project Path="src/BuiltInPackages/LuaSTGSub/LuaSTGEditorSharpV2.Package.LuaSTGSub.Execution/LuaSTGEditorSharpV2.Package.LuaSTGSub.Execution.csproj" />
    <Project Path="src/BuiltInPackages/LuaSTGSub/LuaSTGEditorSharpV2.Package.LuaSTGSub.PropertyView/LuaSTGEditorSharpV2.Package.LuaSTGSub.PropertyView.csproj" />
    <Project Path="src/BuiltInPackages/LuaSTGSub/LuaSTGEditorSharpV2.Package.LuaSTGSub/LuaSTGEditorSharpV2.Package.LuaSTGSub.csproj" />
  </Folder>
  <Folder Name="/src/ServiceBridge/">
    <Project Path="src/ServiceBridge/LuaSTGEditorSharpV2.ServiceBridge.Building/LuaSTGEditorSharpV2.ServiceBridge.Building.csproj" />
    <Project Path="src/ServiceBridge/LuaSTGEditorSharpV2.ServiceBridge.CodeGenerator/LuaSTGEditorSharpV2.ServiceBridge.CodeGenerator.csproj" />
    <Project Path="src/ServiceBridge/LuaSTGEditorSharpV2.ServiceBridge.Execution/LuaSTGEditorSharpV2.ServiceBridge.Execution.csproj" />
    <Project Path="src/ServiceBridge/LuaSTGEditorSharpV2.ServiceBridge.UICustomization/LuaSTGEditorSharpV2.ServiceBridge.UICustomization.csproj" />
  </Folder>
  <Folder Name="/test/">
    <File Path="test/test.lstgjson" />
    <File Path="test/test.lstgxml" />
    <Project Path="test/LuaSTGEditorSharpV2.Core.CodeGenerator.Tests/LuaSTGEditorSharpV2.Core.CodeGenerator.Tests.csproj" />
    <Project Path="test/LuaSTGEditorSharpV2.Core.Command.Tests/LuaSTGEditorSharpV2.Core.Command.Tests.csproj" />
    <Project Path="test/LuaSTGEditorSharpV2.Core.Tests/LuaSTGEditorSharpV2.Core.Tests.csproj" />
    <Project Path="test/LuaSTGEditorSharpV2.PropertyView.Tests/LuaSTGEditorSharpV2.PropertyView.Tests.csproj" />
  </Folder>
</Solution>
