
Microsoft Visual Studio Solution File, Format Version 12.00
# Visual Studio Version 17
VisualStudioVersion = 17.3.32929.385
MinimumVisualStudioVersion = 10.0.40219.1
Project("{9A19103F-16F7-4668-BE54-9A1E7A4F7556}") = "LuaSTGEditorSharpV2", "src\LuaSTGEditorSharpV2\LuaSTGEditorSharpV2.csproj", "{C7F27E60-6C53-4F8D-A44A-6488349224A9}"
EndProject
Project("{9A19103F-16F7-4668-BE54-9A1E7A4F7556}") = "LuaSTGEditorSharpV2.Core", "src\LuaSTGEditorSharpV2.Core\LuaSTGEditorSharpV2.Core.csproj", "{A47016D5-B5E6-4408-9C8D-FD593A5E8702}"
EndProject
Project("{9A19103F-16F7-4668-BE54-9A1E7A4F7556}") = "LuaSTGEditorSharpV2.Core.CodeGenerator", "src\LuaSTGEditorSharpV2.Core.CodeGenerator\LuaSTGEditorSharpV2.Core.CodeGenerator.csproj", "{D203B63F-67DA-457A-B8E3-0030EEBBF52E}"
EndProject
Project("{9A19103F-16F7-4668-BE54-9A1E7A4F7556}") = "LuaSTGEditorSharpV2.CLI", "src\LuaSTGEditorSharpV2.CLI\LuaSTGEditorSharpV2.CLI.csproj", "{703E1DE2-F921-4253-B1A3-5655C49FAA98}"
EndProject
Project("{2150E333-8FDC-42A3-9474-1A3956D46DE8}") = "src", "src", "{BED9D5AD-3555-420E-87F8-35D6C45F34CF}"
EndProject
Project("{9A19103F-16F7-4668-BE54-9A1E7A4F7556}") = "LuaSTGEditorSharpV2.Core.Building", "src\LuaSTGEditorSharpV2.Core.Building\LuaSTGEditorSharpV2.Core.Building.csproj", "{DD92D1D5-16C3-4123-92DA-59A0563389FF}"
EndProject
Project("{9A19103F-16F7-4668-BE54-9A1E7A4F7556}") = "LuaSTGEditorSharpV2.View", "src\LuaSTGEditorSharpV2.View\LuaSTGEditorSharpV2.View.csproj", "{F9D78733-B453-40CA-AAA3-8DF45CA670A6}"
EndProject
Project("{9A19103F-16F7-4668-BE54-9A1E7A4F7556}") = "LuaSTGEditorSharpV2.Resources.Shared", "src\LuaSTGEditorSharpV2.Resources.Shared\LuaSTGEditorSharpV2.Resources.Shared.csproj", "{FD9F0355-DFEA-42C8-BA86-8158A54787C4}"
EndProject
Project("{9A19103F-16F7-4668-BE54-9A1E7A4F7556}") = "LuaSTGEditorSharpV2.Core.Command", "src\LuaSTGEditorSharpV2.Core.Command\LuaSTGEditorSharpV2.Core.Command.csproj", "{25C6C6C8-7D1E-44D1-BFEE-18ECBDD95F81}"
EndProject
Project("{2150E333-8FDC-42A3-9474-1A3956D46DE8}") = "BuiltInPackages", "BuiltInPackages", "{5C2E3E13-68F3-40F6-8965-255704317408}"
EndProject
Project("{2150E333-8FDC-42A3-9474-1A3956D46DE8}") = "LegacyNode", "LegacyNode", "{07D7D3CA-8712-4F32-9496-586DFD34564A}"
EndProject
Project("{9A19103F-16F7-4668-BE54-9A1E7A4F7556}") = "LuaSTGEditorSharpV2.Package.LegacyNode", "src\BuiltInPackages\LegacyNode\LuaSTGEditorSharpV2.Package.LegacyNode\LuaSTGEditorSharpV2.Package.LegacyNode.csproj", "{FA07BED9-82DD-4BB7-8054-D0972CA9B324}"
EndProject
Project("{9A19103F-16F7-4668-BE54-9A1E7A4F7556}") = "LuaSTGEditorSharpV2.Package.LegacyNode.CodeGenerator", "src\BuiltInPackages\LegacyNode\LuaSTGEditorSharpV2.Package.LegacyNode.CodeGenerator\LuaSTGEditorSharpV2.Package.LegacyNode.CodeGenerator.csproj", "{9CE643AD-3382-48C4-B6EC-82248E6C2087}"
EndProject
Project("{9A19103F-16F7-4668-BE54-9A1E7A4F7556}") = "LuaSTGEditorSharpV2.Package.LegacyNode.ViewModel", "src\BuiltInPackages\LegacyNode\LuaSTGEditorSharpV2.Package.LegacyNode.ViewModel\LuaSTGEditorSharpV2.Package.LegacyNode.ViewModel.csproj", "{807C80B2-066F-45AD-A2C3-4AB1436FD622}"
EndProject
Project("{9A19103F-16F7-4668-BE54-9A1E7A4F7556}") = "LuaSTGEditorSharpV2.PropertyView", "src\LuaSTGEditorSharpV2.PropertyView\LuaSTGEditorSharpV2.PropertyView.csproj", "{F43DBFAC-9CBB-464E-8957-C5C128D4ECEA}"
EndProject
Project("{2150E333-8FDC-42A3-9474-1A3956D46DE8}") = "test", "test", "{87C21D0B-898C-47C8-8AE7-85EC51FA3460}"
	ProjectSection(SolutionItems) = preProject
		test\test.lstgjson = test\test.lstgjson
		test\test.lstgxml = test\test.lstgxml
	EndProjectSection
EndProject
Project("{9A19103F-16F7-4668-BE54-9A1E7A4F7556}") = "LuaSTGEditorSharpV2.Package.LegacyNode.PropertyView", "src\BuiltInPackages\LegacyNode\LuaSTGEditorSharpV2.Package.LegacyNode.PropertyView\LuaSTGEditorSharpV2.Package.LegacyNode.PropertyView.csproj", "{F14006D8-D781-4B1D-A9DA-34416A293D97}"
EndProject
Project("{9A19103F-16F7-4668-BE54-9A1E7A4F7556}") = "LuaSTGEditorSharpV2.Core.Analyzer.StructuralValidation", "src\LuaSTGEditorSharpV2.Core.Analyzer.StructuralValidation\LuaSTGEditorSharpV2.Core.Analyzer.StructuralValidation.csproj", "{7067F337-DB7E-4678-AC1C-66509FD1C4D8}"
EndProject
Project("{2150E333-8FDC-42A3-9474-1A3956D46DE8}") = "Lua", "Lua", "{4FFE30D3-7F9B-4C24-B199-7542F56A2987}"
EndProject
Project("{9A19103F-16F7-4668-BE54-9A1E7A4F7556}") = "LuaSTGEditorSharpV2.Package.Lua", "src\BuiltInPackages\Lua\LuaSTGEditorSharpV2.Package.Lua\LuaSTGEditorSharpV2.Package.Lua.csproj", "{B46A2782-2806-4ED4-861F-4E47071FA6AB}"
EndProject
Project("{9A19103F-16F7-4668-BE54-9A1E7A4F7556}") = "LuaSTGEditorSharpV2.Package.Lua.CodeGenerator", "src\BuiltInPackages\Lua\LuaSTGEditorSharpV2.Package.Lua.CodeGenerator\LuaSTGEditorSharpV2.Package.Lua.CodeGenerator.csproj", "{F44B24AA-0127-4F95-91DC-206FB0FA5AEA}"
EndProject
Project("{9A19103F-16F7-4668-BE54-9A1E7A4F7556}") = "LuaSTGEditorSharpV2.Package.Lua.ViewModel", "src\BuiltInPackages\Lua\LuaSTGEditorSharpV2.Package.Lua.ViewModel\LuaSTGEditorSharpV2.Package.Lua.ViewModel.csproj", "{2C9AB108-2DF2-48B5-A822-CAC266562184}"
EndProject
Project("{9A19103F-16F7-4668-BE54-9A1E7A4F7556}") = "LuaSTGEditorSharpV2.Package.Lua.PropertyView", "src\BuiltInPackages\Lua\LuaSTGEditorSharpV2.Package.Lua.PropertyView\LuaSTGEditorSharpV2.Package.Lua.PropertyView.csproj", "{6D497349-48B1-4732-A353-96CF1E409118}"
EndProject
Project("{9A19103F-16F7-4668-BE54-9A1E7A4F7556}") = "LuaSTGEditorSharpV2.Package.Lua.Building", "src\BuiltInPackages\Lua\LuaSTGEditorSharpV2.Package.Lua.Building\LuaSTGEditorSharpV2.Package.Lua.Building.csproj", "{FE0E8301-CF05-4850-B50B-A76C778F6081}"
EndProject
Project("{9A19103F-16F7-4668-BE54-9A1E7A4F7556}") = "LuaSTGEditorSharpV2.ViewModel", "src\LuaSTGEditorSharpV2.ViewModel\LuaSTGEditorSharpV2.ViewModel.csproj", "{277C1952-84F4-48D5-8D24-B67748AA5D0E}"
EndProject
Project("{FAE04EC0-301F-11D3-BF4B-00C04F79EFBC}") = "LuaSTGEditorSharpV2.WPF", "LuaSTGEditorSharpV2.WPF\LuaSTGEditorSharpV2.WPF.csproj", "{895A4556-D5C3-4A23-B85A-154B6D8D8AD2}"
EndProject
Global
	GlobalSection(SolutionConfigurationPlatforms) = preSolution
		Debug|Any CPU = Debug|Any CPU
		Release|Any CPU = Release|Any CPU
	EndGlobalSection
	GlobalSection(ProjectConfigurationPlatforms) = postSolution
		{C7F27E60-6C53-4F8D-A44A-6488349224A9}.Debug|Any CPU.ActiveCfg = Debug|Any CPU
		{C7F27E60-6C53-4F8D-A44A-6488349224A9}.Debug|Any CPU.Build.0 = Debug|Any CPU
		{C7F27E60-6C53-4F8D-A44A-6488349224A9}.Release|Any CPU.ActiveCfg = Release|Any CPU
		{C7F27E60-6C53-4F8D-A44A-6488349224A9}.Release|Any CPU.Build.0 = Release|Any CPU
		{A47016D5-B5E6-4408-9C8D-FD593A5E8702}.Debug|Any CPU.ActiveCfg = Debug|Any CPU
		{A47016D5-B5E6-4408-9C8D-FD593A5E8702}.Debug|Any CPU.Build.0 = Debug|Any CPU
		{A47016D5-B5E6-4408-9C8D-FD593A5E8702}.Release|Any CPU.ActiveCfg = Release|Any CPU
		{A47016D5-B5E6-4408-9C8D-FD593A5E8702}.Release|Any CPU.Build.0 = Release|Any CPU
		{D203B63F-67DA-457A-B8E3-0030EEBBF52E}.Debug|Any CPU.ActiveCfg = Debug|Any CPU
		{D203B63F-67DA-457A-B8E3-0030EEBBF52E}.Debug|Any CPU.Build.0 = Debug|Any CPU
		{D203B63F-67DA-457A-B8E3-0030EEBBF52E}.Release|Any CPU.ActiveCfg = Release|Any CPU
		{D203B63F-67DA-457A-B8E3-0030EEBBF52E}.Release|Any CPU.Build.0 = Release|Any CPU
		{703E1DE2-F921-4253-B1A3-5655C49FAA98}.Debug|Any CPU.ActiveCfg = Debug|Any CPU
		{703E1DE2-F921-4253-B1A3-5655C49FAA98}.Debug|Any CPU.Build.0 = Debug|Any CPU
		{703E1DE2-F921-4253-B1A3-5655C49FAA98}.Release|Any CPU.ActiveCfg = Release|Any CPU
		{703E1DE2-F921-4253-B1A3-5655C49FAA98}.Release|Any CPU.Build.0 = Release|Any CPU
		{DD92D1D5-16C3-4123-92DA-59A0563389FF}.Debug|Any CPU.ActiveCfg = Debug|Any CPU
		{DD92D1D5-16C3-4123-92DA-59A0563389FF}.Debug|Any CPU.Build.0 = Debug|Any CPU
		{DD92D1D5-16C3-4123-92DA-59A0563389FF}.Release|Any CPU.ActiveCfg = Release|Any CPU
		{DD92D1D5-16C3-4123-92DA-59A0563389FF}.Release|Any CPU.Build.0 = Release|Any CPU
		{F9D78733-B453-40CA-AAA3-8DF45CA670A6}.Debug|Any CPU.ActiveCfg = Debug|Any CPU
		{F9D78733-B453-40CA-AAA3-8DF45CA670A6}.Debug|Any CPU.Build.0 = Debug|Any CPU
		{F9D78733-B453-40CA-AAA3-8DF45CA670A6}.Release|Any CPU.ActiveCfg = Release|Any CPU
		{F9D78733-B453-40CA-AAA3-8DF45CA670A6}.Release|Any CPU.Build.0 = Release|Any CPU
		{FD9F0355-DFEA-42C8-BA86-8158A54787C4}.Debug|Any CPU.ActiveCfg = Debug|Any CPU
		{FD9F0355-DFEA-42C8-BA86-8158A54787C4}.Debug|Any CPU.Build.0 = Debug|Any CPU
		{FD9F0355-DFEA-42C8-BA86-8158A54787C4}.Release|Any CPU.ActiveCfg = Release|Any CPU
		{FD9F0355-DFEA-42C8-BA86-8158A54787C4}.Release|Any CPU.Build.0 = Release|Any CPU
		{25C6C6C8-7D1E-44D1-BFEE-18ECBDD95F81}.Debug|Any CPU.ActiveCfg = Debug|Any CPU
		{25C6C6C8-7D1E-44D1-BFEE-18ECBDD95F81}.Debug|Any CPU.Build.0 = Debug|Any CPU
		{25C6C6C8-7D1E-44D1-BFEE-18ECBDD95F81}.Release|Any CPU.ActiveCfg = Release|Any CPU
		{25C6C6C8-7D1E-44D1-BFEE-18ECBDD95F81}.Release|Any CPU.Build.0 = Release|Any CPU
		{FA07BED9-82DD-4BB7-8054-D0972CA9B324}.Debug|Any CPU.ActiveCfg = Debug|Any CPU
		{FA07BED9-82DD-4BB7-8054-D0972CA9B324}.Debug|Any CPU.Build.0 = Debug|Any CPU
		{FA07BED9-82DD-4BB7-8054-D0972CA9B324}.Release|Any CPU.ActiveCfg = Release|Any CPU
		{FA07BED9-82DD-4BB7-8054-D0972CA9B324}.Release|Any CPU.Build.0 = Release|Any CPU
		{9CE643AD-3382-48C4-B6EC-82248E6C2087}.Debug|Any CPU.ActiveCfg = Debug|Any CPU
		{9CE643AD-3382-48C4-B6EC-82248E6C2087}.Debug|Any CPU.Build.0 = Debug|Any CPU
		{9CE643AD-3382-48C4-B6EC-82248E6C2087}.Release|Any CPU.ActiveCfg = Release|Any CPU
		{9CE643AD-3382-48C4-B6EC-82248E6C2087}.Release|Any CPU.Build.0 = Release|Any CPU
		{807C80B2-066F-45AD-A2C3-4AB1436FD622}.Debug|Any CPU.ActiveCfg = Debug|Any CPU
		{807C80B2-066F-45AD-A2C3-4AB1436FD622}.Debug|Any CPU.Build.0 = Debug|Any CPU
		{807C80B2-066F-45AD-A2C3-4AB1436FD622}.Release|Any CPU.ActiveCfg = Release|Any CPU
		{807C80B2-066F-45AD-A2C3-4AB1436FD622}.Release|Any CPU.Build.0 = Release|Any CPU
		{F43DBFAC-9CBB-464E-8957-C5C128D4ECEA}.Debug|Any CPU.ActiveCfg = Debug|Any CPU
		{F43DBFAC-9CBB-464E-8957-C5C128D4ECEA}.Debug|Any CPU.Build.0 = Debug|Any CPU
		{F43DBFAC-9CBB-464E-8957-C5C128D4ECEA}.Release|Any CPU.ActiveCfg = Release|Any CPU
		{F43DBFAC-9CBB-464E-8957-C5C128D4ECEA}.Release|Any CPU.Build.0 = Release|Any CPU
		{F14006D8-D781-4B1D-A9DA-34416A293D97}.Debug|Any CPU.ActiveCfg = Debug|Any CPU
		{F14006D8-D781-4B1D-A9DA-34416A293D97}.Debug|Any CPU.Build.0 = Debug|Any CPU
		{F14006D8-D781-4B1D-A9DA-34416A293D97}.Release|Any CPU.ActiveCfg = Release|Any CPU
		{F14006D8-D781-4B1D-A9DA-34416A293D97}.Release|Any CPU.Build.0 = Release|Any CPU
		{7067F337-DB7E-4678-AC1C-66509FD1C4D8}.Debug|Any CPU.ActiveCfg = Debug|Any CPU
		{7067F337-DB7E-4678-AC1C-66509FD1C4D8}.Debug|Any CPU.Build.0 = Debug|Any CPU
		{7067F337-DB7E-4678-AC1C-66509FD1C4D8}.Release|Any CPU.ActiveCfg = Release|Any CPU
		{7067F337-DB7E-4678-AC1C-66509FD1C4D8}.Release|Any CPU.Build.0 = Release|Any CPU
		{B46A2782-2806-4ED4-861F-4E47071FA6AB}.Debug|Any CPU.ActiveCfg = Debug|Any CPU
		{B46A2782-2806-4ED4-861F-4E47071FA6AB}.Debug|Any CPU.Build.0 = Debug|Any CPU
		{B46A2782-2806-4ED4-861F-4E47071FA6AB}.Release|Any CPU.ActiveCfg = Release|Any CPU
		{B46A2782-2806-4ED4-861F-4E47071FA6AB}.Release|Any CPU.Build.0 = Release|Any CPU
		{F44B24AA-0127-4F95-91DC-206FB0FA5AEA}.Debug|Any CPU.ActiveCfg = Debug|Any CPU
		{F44B24AA-0127-4F95-91DC-206FB0FA5AEA}.Debug|Any CPU.Build.0 = Debug|Any CPU
		{F44B24AA-0127-4F95-91DC-206FB0FA5AEA}.Release|Any CPU.ActiveCfg = Release|Any CPU
		{F44B24AA-0127-4F95-91DC-206FB0FA5AEA}.Release|Any CPU.Build.0 = Release|Any CPU
		{2C9AB108-2DF2-48B5-A822-CAC266562184}.Debug|Any CPU.ActiveCfg = Debug|Any CPU
		{2C9AB108-2DF2-48B5-A822-CAC266562184}.Debug|Any CPU.Build.0 = Debug|Any CPU
		{2C9AB108-2DF2-48B5-A822-CAC266562184}.Release|Any CPU.ActiveCfg = Release|Any CPU
		{2C9AB108-2DF2-48B5-A822-CAC266562184}.Release|Any CPU.Build.0 = Release|Any CPU
		{6D497349-48B1-4732-A353-96CF1E409118}.Debug|Any CPU.ActiveCfg = Debug|Any CPU
		{6D497349-48B1-4732-A353-96CF1E409118}.Debug|Any CPU.Build.0 = Debug|Any CPU
		{6D497349-48B1-4732-A353-96CF1E409118}.Release|Any CPU.ActiveCfg = Release|Any CPU
		{6D497349-48B1-4732-A353-96CF1E409118}.Release|Any CPU.Build.0 = Release|Any CPU
		{FE0E8301-CF05-4850-B50B-A76C778F6081}.Debug|Any CPU.ActiveCfg = Debug|Any CPU
		{FE0E8301-CF05-4850-B50B-A76C778F6081}.Debug|Any CPU.Build.0 = Debug|Any CPU
		{FE0E8301-CF05-4850-B50B-A76C778F6081}.Release|Any CPU.ActiveCfg = Release|Any CPU
		{FE0E8301-CF05-4850-B50B-A76C778F6081}.Release|Any CPU.Build.0 = Release|Any CPU
		{277C1952-84F4-48D5-8D24-B67748AA5D0E}.Debug|Any CPU.ActiveCfg = Debug|Any CPU
		{277C1952-84F4-48D5-8D24-B67748AA5D0E}.Debug|Any CPU.Build.0 = Debug|Any CPU
		{277C1952-84F4-48D5-8D24-B67748AA5D0E}.Release|Any CPU.ActiveCfg = Release|Any CPU
		{277C1952-84F4-48D5-8D24-B67748AA5D0E}.Release|Any CPU.Build.0 = Release|Any CPU
		{895A4556-D5C3-4A23-B85A-154B6D8D8AD2}.Debug|Any CPU.ActiveCfg = Debug|Any CPU
		{895A4556-D5C3-4A23-B85A-154B6D8D8AD2}.Debug|Any CPU.Build.0 = Debug|Any CPU
		{895A4556-D5C3-4A23-B85A-154B6D8D8AD2}.Release|Any CPU.ActiveCfg = Release|Any CPU
		{895A4556-D5C3-4A23-B85A-154B6D8D8AD2}.Release|Any CPU.Build.0 = Release|Any CPU
	EndGlobalSection
	GlobalSection(SolutionProperties) = preSolution
		HideSolutionNode = FALSE
	EndGlobalSection
	GlobalSection(NestedProjects) = preSolution
		{C7F27E60-6C53-4F8D-A44A-6488349224A9} = {BED9D5AD-3555-420E-87F8-35D6C45F34CF}
		{A47016D5-B5E6-4408-9C8D-FD593A5E8702} = {BED9D5AD-3555-420E-87F8-35D6C45F34CF}
		{D203B63F-67DA-457A-B8E3-0030EEBBF52E} = {BED9D5AD-3555-420E-87F8-35D6C45F34CF}
		{703E1DE2-F921-4253-B1A3-5655C49FAA98} = {BED9D5AD-3555-420E-87F8-35D6C45F34CF}
		{DD92D1D5-16C3-4123-92DA-59A0563389FF} = {BED9D5AD-3555-420E-87F8-35D6C45F34CF}
		{F9D78733-B453-40CA-AAA3-8DF45CA670A6} = {BED9D5AD-3555-420E-87F8-35D6C45F34CF}
		{FD9F0355-DFEA-42C8-BA86-8158A54787C4} = {BED9D5AD-3555-420E-87F8-35D6C45F34CF}
		{25C6C6C8-7D1E-44D1-BFEE-18ECBDD95F81} = {BED9D5AD-3555-420E-87F8-35D6C45F34CF}
		{5C2E3E13-68F3-40F6-8965-255704317408} = {BED9D5AD-3555-420E-87F8-35D6C45F34CF}
		{07D7D3CA-8712-4F32-9496-586DFD34564A} = {5C2E3E13-68F3-40F6-8965-255704317408}
		{FA07BED9-82DD-4BB7-8054-D0972CA9B324} = {07D7D3CA-8712-4F32-9496-586DFD34564A}
		{9CE643AD-3382-48C4-B6EC-82248E6C2087} = {07D7D3CA-8712-4F32-9496-586DFD34564A}
		{807C80B2-066F-45AD-A2C3-4AB1436FD622} = {07D7D3CA-8712-4F32-9496-586DFD34564A}
		{F43DBFAC-9CBB-464E-8957-C5C128D4ECEA} = {BED9D5AD-3555-420E-87F8-35D6C45F34CF}
		{F14006D8-D781-4B1D-A9DA-34416A293D97} = {07D7D3CA-8712-4F32-9496-586DFD34564A}
		{7067F337-DB7E-4678-AC1C-66509FD1C4D8} = {BED9D5AD-3555-420E-87F8-35D6C45F34CF}
		{4FFE30D3-7F9B-4C24-B199-7542F56A2987} = {5C2E3E13-68F3-40F6-8965-255704317408}
		{B46A2782-2806-4ED4-861F-4E47071FA6AB} = {4FFE30D3-7F9B-4C24-B199-7542F56A2987}
		{F44B24AA-0127-4F95-91DC-206FB0FA5AEA} = {4FFE30D3-7F9B-4C24-B199-7542F56A2987}
		{2C9AB108-2DF2-48B5-A822-CAC266562184} = {4FFE30D3-7F9B-4C24-B199-7542F56A2987}
		{6D497349-48B1-4732-A353-96CF1E409118} = {4FFE30D3-7F9B-4C24-B199-7542F56A2987}
		{FE0E8301-CF05-4850-B50B-A76C778F6081} = {4FFE30D3-7F9B-4C24-B199-7542F56A2987}
		{277C1952-84F4-48D5-8D24-B67748AA5D0E} = {BED9D5AD-3555-420E-87F8-35D6C45F34CF}
	EndGlobalSection
	GlobalSection(ExtensibilityGlobals) = postSolution
		SolutionGuid = {A88633F9-126D-4418-B464-61038BFEB74C}
	EndGlobalSection
EndGlobal
